<?xml version="1.0" encoding="UTF-8" standalone="yes" ?>
<CodeBlocks_project_file>
	<FileVersion major="1" minor="6" />
	<Project>
		<Option title="make_frames" />
		<Option pch_mode="2" />
		<Option compiler="gcc" />
		<Build>
			<Target title="Debug">
				<Option output="bin/Debug/make_frames" prefix_auto="1" extension_auto="1" />
				<Option object_output="obj/Debug/" />
				<Option type="1" />
				<Option compiler="gcc" />
				<Compiler>
					<Add option="-g" />
				</Compiler>
			</Target>
			<Target title="Release">
				<Option output="bin/Release/make_frames" prefix_auto="1" extension_auto="1" />
				<Option object_output="obj/Release/" />
				<Option type="1" />
				<Option compiler="gcc" />
				<Compiler>
					<Add option="-O2" />
				</Compiler>
				<Linker>
					<Add option="-s" />
				</Linker>
			</Target>
			<Target title="BuildIt">
				<Option output="bin/BuiltIt/make_frames" prefix_auto="1" extension_auto="1" />
				<Option object_output="obj/BuiltIt/" />
				<Option type="1" />
				<Option compiler="gcc" />
				<Compiler>
					<Add option="-DMAKE_FRAME_C" />
				</Compiler>
			</Target>
			<Target title="TestIt">
				<Option output="bin/TestIt/make_frames" prefix_auto="1" extension_auto="1" />
				<Option object_output="obj/TestIt/" />
				<Option type="1" />
				<Option compiler="gcc" />
			</Target>
		</Build>
		<VirtualTargets>
			<Add alias="All" targets="Debug;Release;BuildIt;TestIt;" />
		</VirtualTargets>
		<Compiler>
			<Add option="-Wall" />
			<Add option="-fexceptions" />
		</Compiler>
		<Unit filename="frames.c">
			<Option compilerVar="CC" />
			<Option compile="0" />
			<Option link="0" />
			<Option target="Debug" />
			<Option target="Release" />
			<Option target="TestIt" />
		</Unit>
		<Unit filename="frames.h">
			<Option target="Debug" />
			<Option target="Release" />
			<Option target="TestIt" />
		</Unit>
		<Unit filename="main.cc" />
		<Extensions>
			<lib_finder disable_auto="1" />
		</Extensions>
	</Project>
</CodeBlocks_project_file>
